
Microsoft Visual Studio Solution File, Format Version 12.00
# Visual Studio Version 16
VisualStudioVersion = 16.0.31624.102
MinimumVisualStudioVersion = 10.0.40219.1
Project("{FAE04EC0-301F-11D3-BF4B-00C04F79EFBC}") = "Uge34Library", "Uge34Library\Uge34Library.csproj", "{113845D1-32A0-41D2-B63C-4C215D279A2E}"
EndProject
Global
	GlobalSection(SolutionConfigurationPlatforms) = preSolution
		Debug|Any CPU = Debug|Any CPU
		Release|Any CPU = Release|Any CPU
	EndGlobalSection
	GlobalSection(ProjectConfigurationPlatforms) = postSolution
		{113845D1-32A0-41D2-B63C-4C215D279A2E}.Debug|Any CPU.ActiveCfg = Debug|Any CPU
		{113845D1-32A0-41D2-B63C-4C215D279A2E}.Debug|Any CPU.Build.0 = Debug|Any CPU
		{113845D1-32A0-41D2-B63C-4C215D279A2E}.Release|Any CPU.ActiveCfg = Release|Any CPU
		{113845D1-32A0-41D2-B63C-4C215D279A2E}.Release|Any CPU.Build.0 = Release|Any CPU
	EndGlobalSection
	GlobalSection(SolutionProperties) = preSolution
		HideSolutionNode = FALSE
	EndGlobalSection
	GlobalSection(ExtensibilityGlobals) = postSolution
		SolutionGuid = {6BFDAB1F-A466-4BE0-82C8-CAE51F683149}
	EndGlobalSection
EndGlobal
