
Microsoft Visual Studio Solution File, Format Version 12.00
# Visual Studio Version 16
VisualStudioVersion = 16.0.31624.102
MinimumVisualStudioVersion = 10.0.40219.1
Project("{9A19103F-16F7-4668-BE54-9A1E7A4F7556}") = "Uge34MVC", "Uge34MVC\Uge34MVC.csproj", "{4CDD366C-C147-4864-B02A-F74437A980BA}"
EndProject
Project("{9A19103F-16F7-4668-BE54-9A1E7A4F7556}") = "Uge34Library", "..\Uge34Library\Uge34Library\Uge34Library.csproj", "{9A023170-D92C-4694-B3EF-D6F91AF6C886}"
EndProject
Project("{9A19103F-16F7-4668-BE54-9A1E7A4F7556}") = "ConsoleApp", "..\ConsoleApp\ConsoleApp\ConsoleApp.csproj", "{C9E10369-609E-4475-8D35-0FAA78D0E073}"
EndProject
Global
	GlobalSection(SolutionConfigurationPlatforms) = preSolution
		Debug|Any CPU = Debug|Any CPU
		Release|Any CPU = Release|Any CPU
	EndGlobalSection
	GlobalSection(ProjectConfigurationPlatforms) = postSolution
		{4CDD366C-C147-4864-B02A-F74437A980BA}.Debug|Any CPU.ActiveCfg = Debug|Any CPU
		{4CDD366C-C147-4864-B02A-F74437A980BA}.Debug|Any CPU.Build.0 = Debug|Any CPU
		{4CDD366C-C147-4864-B02A-F74437A980BA}.Release|Any CPU.ActiveCfg = Release|Any CPU
		{4CDD366C-C147-4864-B02A-F74437A980BA}.Release|Any CPU.Build.0 = Release|Any CPU
		{9A023170-D92C-4694-B3EF-D6F91AF6C886}.Debug|Any CPU.ActiveCfg = Debug|Any CPU
		{9A023170-D92C-4694-B3EF-D6F91AF6C886}.Debug|Any CPU.Build.0 = Debug|Any CPU
		{9A023170-D92C-4694-B3EF-D6F91AF6C886}.Release|Any CPU.ActiveCfg = Release|Any CPU
		{9A023170-D92C-4694-B3EF-D6F91AF6C886}.Release|Any CPU.Build.0 = Release|Any CPU
		{C9E10369-609E-4475-8D35-0FAA78D0E073}.Debug|Any CPU.ActiveCfg = Debug|Any CPU
		{C9E10369-609E-4475-8D35-0FAA78D0E073}.Debug|Any CPU.Build.0 = Debug|Any CPU
		{C9E10369-609E-4475-8D35-0FAA78D0E073}.Release|Any CPU.ActiveCfg = Release|Any CPU
		{C9E10369-609E-4475-8D35-0FAA78D0E073}.Release|Any CPU.Build.0 = Release|Any CPU
	EndGlobalSection
	GlobalSection(SolutionProperties) = preSolution
		HideSolutionNode = FALSE
	EndGlobalSection
	GlobalSection(ExtensibilityGlobals) = postSolution
		SolutionGuid = {CA52C705-3889-45DC-A494-916204BB480E}
	EndGlobalSection
EndGlobal
